
Microsoft Visual Studio Solution File, Format Version 12.00
# Visual Studio 15
VisualStudioVersion = 15.0.27130.2027
MinimumVisualStudioVersion = 10.0.40219.1
Project("{FAE04EC0-301F-11D3-BF4B-00C04F79EFBC}") = "TransferCenturyPorkMisoSoup", "TransferCenturyPorkMisoSoup\TransferCenturyPorkMisoSoup.csproj", "{042FCCE0-A8CC-48BA-AE84-40DD0628F960}"
EndProject
Global
	GlobalSection(SolutionConfigurationPlatforms) = preSolution
		Debug|Any CPU = Debug|Any CPU
		Release|Any CPU = Release|Any CPU
	EndGlobalSection
	GlobalSection(ProjectConfigurationPlatforms) = postSolution
		{042FCCE0-A8CC-48BA-AE84-40DD0628F960}.Debug|Any CPU.ActiveCfg = Debug|Any CPU
		{042FCCE0-A8CC-48BA-AE84-40DD0628F960}.Debug|Any CPU.Build.0 = Debug|Any CPU
		{042FCCE0-A8CC-48BA-AE84-40DD0628F960}.Release|Any CPU.ActiveCfg = Release|Any CPU
		{042FCCE0-A8CC-48BA-AE84-40DD0628F960}.Release|Any CPU.Build.0 = Release|Any CPU
	EndGlobalSection
	GlobalSection(SolutionProperties) = preSolution
		HideSolutionNode = FALSE
	EndGlobalSection
	GlobalSection(ExtensibilityGlobals) = postSolution
		SolutionGuid = {C227D344-9BA4-4F7B-BE64-C0F78C94F69C}
	EndGlobalSection
EndGlobal
